
Microsoft Visual Studio Solution File, Format Version 12.00
# Visual Studio Version 17
VisualStudioVersion = 17.8.34525.116
MinimumVisualStudioVersion = 10.0.40219.1
Project("{8BC9CEB8-8B4A-11D0-8D11-00A0C91BC942}") = "Deans List Project", "Deans List Project.vcxproj", "{D190F6F3-79FF-476D-B468-2047A3647DE4}"
EndProject
Global
	GlobalSection(SolutionConfigurationPlatforms) = preSolution
		Debug|x64 = Debug|x64
		Debug|x86 = Debug|x86
		Release|x64 = Release|x64
		Release|x86 = Release|x86
	EndGlobalSection
	GlobalSection(ProjectConfigurationPlatforms) = postSolution
		{D190F6F3-79FF-476D-B468-2047A3647DE4}.Debug|x64.ActiveCfg = Debug|x64
		{D190F6F3-79FF-476D-B468-2047A3647DE4}.Debug|x64.Build.0 = Debug|x64
		{D190F6F3-79FF-476D-B468-2047A3647DE4}.Debug|x86.ActiveCfg = Debug|Win32
		{D190F6F3-79FF-476D-B468-2047A3647DE4}.Debug|x86.Build.0 = Debug|Win32
		{D190F6F3-79FF-476D-B468-2047A3647DE4}.Release|x64.ActiveCfg = Release|x64
		{D190F6F3-79FF-476D-B468-2047A3647DE4}.Release|x64.Build.0 = Release|x64
		{D190F6F3-79FF-476D-B468-2047A3647DE4}.Release|x86.ActiveCfg = Release|Win32
		{D190F6F3-79FF-476D-B468-2047A3647DE4}.Release|x86.Build.0 = Release|Win32
	EndGlobalSection
	GlobalSection(SolutionProperties) = preSolution
		HideSolutionNode = FALSE
	EndGlobalSection
	GlobalSection(ExtensibilityGlobals) = postSolution
		SolutionGuid = {413C3916-B99B-4627-9BA1-64658E7168F9}
	EndGlobalSection
EndGlobal
